
Microsoft Visual Studio Solution File, Format Version 12.00
# Visual Studio Version 17
VisualStudioVersion = 17.9.34728.123
MinimumVisualStudioVersion = 10.0.40219.1
Project("{FAE04EC0-301F-11D3-BF4B-00C04F79EFBC}") = "Assignment2.2", "Assignment2.2.csproj", "{597AA847-3AEE-4BA2-81EE-313768996F4F}"
EndProject
Global
	GlobalSection(SolutionConfigurationPlatforms) = preSolution
		Debug|Any CPU = Debug|Any CPU
		Release|Any CPU = Release|Any CPU
	EndGlobalSection
	GlobalSection(ProjectConfigurationPlatforms) = postSolution
		{597AA847-3AEE-4BA2-81EE-313768996F4F}.Debug|Any CPU.ActiveCfg = Debug|Any CPU
		{597AA847-3AEE-4BA2-81EE-313768996F4F}.Debug|Any CPU.Build.0 = Debug|Any CPU
		{597AA847-3AEE-4BA2-81EE-313768996F4F}.Release|Any CPU.ActiveCfg = Release|Any CPU
		{597AA847-3AEE-4BA2-81EE-313768996F4F}.Release|Any CPU.Build.0 = Release|Any CPU
	EndGlobalSection
	GlobalSection(SolutionProperties) = preSolution
		HideSolutionNode = FALSE
	EndGlobalSection
	GlobalSection(ExtensibilityGlobals) = postSolution
		SolutionGuid = {0C65A3E9-7632-458B-B9D8-A96FA61D17DA}
	EndGlobalSection
EndGlobal
